{
  "name": "cutie-creams",
  "version": "1.0.0",
  "lockfileVersion": 2,
  "requires": true,
  "packages": {
    "": {
      "name": "cutie-creams",
      "version": "1.0.0",
      "license": "MIT",
      "dependencies": {
        "@openzeppelin/contracts": "^4.4.2"
      },
      "devDependencies": {
        "erc721a": "^2.2.0"
      }
    },
    "node_modules/@openzeppelin/contracts": {
      "version": "4.4.2",
      "resolved": "https://registry.npmjs.org/@openzeppelin/contracts/-/contracts-4.4.2.tgz",
      "integrity": "sha512-NyJV7sJgoGYqbtNUWgzzOGW4T6rR19FmX1IJgXGdapGPWsuMelGJn9h03nos0iqfforCbCB0iYIR0MtIuIFLLw=="
    },
    "node_modules/erc721a": {
      "version": "2.2.0",
      "resolved": "https://registry.npmjs.org/erc721a/-/erc721a-2.2.0.tgz",
      "integrity": "sha512-RPBH2P7NpDHTIn0Ix1+mvpq0yvszeQUc7vNazkMwf5JAbbvgjUV93CFTqtIGXbN6lwu9vQMoqXE0BgW5EqPKZQ==",
      "dev": true,
      "dependencies": {
        "@openzeppelin/contracts": "^4.4.2"
      }
    }
  },
  "dependencies": {
    "@openzeppelin/contracts": {
      "version": "4.4.2",
      "resolved": "https://registry.npmjs.org/@openzeppelin/contracts/-/contracts-4.4.2.tgz",
      "integrity": "sha512-NyJV7sJgoGYqbtNUWgzzOGW4T6rR19FmX1IJgXGdapGPWsuMelGJn9h03nos0iqfforCbCB0iYIR0MtIuIFLLw=="
    },
    "erc721a": {
      "version": "2.2.0",
      "resolved": "https://registry.npmjs.org/erc721a/-/erc721a-2.2.0.tgz",
      "integrity": "sha512-RPBH2P7NpDHTIn0Ix1+mvpq0yvszeQUc7vNazkMwf5JAbbvgjUV93CFTqtIGXbN6lwu9vQMoqXE0BgW5EqPKZQ==",
      "dev": true,
      "requires": {
        "@openzeppelin/contracts": "^4.4.2"
      }
    }
  }
}
